
Microsoft Visual Studio Solution File, Format Version 12.00
# Visual Studio Version 16
VisualStudioVersion = 16.0.31019.35
MinimumVisualStudioVersion = 10.0.40219.1
Project("{9A19103F-16F7-4668-BE54-9A1E7A4F7556}") = "ExchangeRateServiceTests", "NUnitTestProject1\ExchangeRateServiceTests.csproj", "{4D58598B-B83F-455C-A1C8-21FFAE07AEDB}"
EndProject
Global
	GlobalSection(SolutionConfigurationPlatforms) = preSolution
		Debug|Any CPU = Debug|Any CPU
		Release|Any CPU = Release|Any CPU
	EndGlobalSection
	GlobalSection(ProjectConfigurationPlatforms) = postSolution
		{4D58598B-B83F-455C-A1C8-21FFAE07AEDB}.Debug|Any CPU.ActiveCfg = Debug|Any CPU
		{4D58598B-B83F-455C-A1C8-21FFAE07AEDB}.Debug|Any CPU.Build.0 = Debug|Any CPU
		{4D58598B-B83F-455C-A1C8-21FFAE07AEDB}.Release|Any CPU.ActiveCfg = Release|Any CPU
		{4D58598B-B83F-455C-A1C8-21FFAE07AEDB}.Release|Any CPU.Build.0 = Release|Any CPU
	EndGlobalSection
	GlobalSection(SolutionProperties) = preSolution
		HideSolutionNode = FALSE
	EndGlobalSection
	GlobalSection(ExtensibilityGlobals) = postSolution
		SolutionGuid = {B99B5A9C-5268-470A-98F3-70E2D545469A}
	EndGlobalSection
EndGlobal
